
Microsoft Visual Studio Solution File, Format Version 11.00
# Visual Studio 2010
Project("{FAE04EC0-301F-11D3-BF4B-00C04F79EFBC}") = "Problem3", "Problem3\Problem3.csproj", "{073E0FA0-250C-4197-9ECF-24D525C2BB31}"
EndProject
Global
	GlobalSection(SolutionConfigurationPlatforms) = preSolution
		Debug|x86 = Debug|x86
		Release|x86 = Release|x86
	EndGlobalSection
	GlobalSection(ProjectConfigurationPlatforms) = postSolution
		{073E0FA0-250C-4197-9ECF-24D525C2BB31}.Debug|x86.ActiveCfg = Debug|x86
		{073E0FA0-250C-4197-9ECF-24D525C2BB31}.Debug|x86.Build.0 = Debug|x86
		{073E0FA0-250C-4197-9ECF-24D525C2BB31}.Release|x86.ActiveCfg = Release|x86
		{073E0FA0-250C-4197-9ECF-24D525C2BB31}.Release|x86.Build.0 = Release|x86
	EndGlobalSection
	GlobalSection(SolutionProperties) = preSolution
		HideSolutionNode = FALSE
	EndGlobalSection
EndGlobal
